
Microsoft Visual Studio Solution File, Format Version 12.00
# Visual Studio 15
VisualStudioVersion = 15.0.35116.124
MinimumVisualStudioVersion = 10.0.40219.1
Project("{8BC9CEB8-8B4A-11D0-8D11-00A0C91BC942}") = "QiNiu", "QiNiu\QiNiu.vcxproj", "{69D59E7D-75AD-49D2-9CEC-E5B9E12135FE}"
EndProject
Project("{8BC9CEB8-8B4A-11D0-8D11-00A0C91BC942}") = "MFC-BasicPractice1", "MFC-BasicPractice1\MFC-BasicPractice1.vcxproj", "{1E695A7F-E9A8-4EE3-B9F1-F7272C1FCE36}"
EndProject
Project("{8BC9CEB8-8B4A-11D0-8D11-00A0C91BC942}") = "MFCBasicPractice2", "MFCBasicPractice2\MFCBasicPractice2.vcxproj", "{54E46AE4-DEEE-4F9E-805F-BA06910E4850}"
EndProject
Project("{8BC9CEB8-8B4A-11D0-8D11-00A0C91BC942}") = "TcpServer", "TcpServer\TcpServer.vcxproj", "{65D5B43A-0F7B-4A35-AD45-8BACBA30846A}"
EndProject
Project("{8BC9CEB8-8B4A-11D0-8D11-00A0C91BC942}") = "TcpClient", "TcpClient\TcpClient.vcxproj", "{28EBFA3B-1A0A-4F38-B6E5-0DA6BB1ABAA0}"
EndProject
Project("{8BC9CEB8-8B4A-11D0-8D11-00A0C91BC942}") = "UdpServer", "UdpServer\UdpServer.vcxproj", "{AC3FFB2D-64D1-4242-8788-F2254799409C}"
EndProject
Project("{8BC9CEB8-8B4A-11D0-8D11-00A0C91BC942}") = "UdpClient", "UdpClient\UdpClient.vcxproj", "{6180EDC4-5B7D-40AE-A5F4-0A8955B57420}"
EndProject
Project("{8BC9CEB8-8B4A-11D0-8D11-00A0C91BC942}") = "MFCChatClient", "MFCChatClient\MFCChatClient.vcxproj", "{15C523CE-8677-4C56-AC76-A256183E7C07}"
EndProject
Project("{8BC9CEB8-8B4A-11D0-8D11-00A0C91BC942}") = "MFCChatServer", "MFCChatServer\MFCChatServer.vcxproj", "{60187A5F-0576-40B5-8777-8F21656B63E9}"
EndProject
Global
	GlobalSection(SolutionConfigurationPlatforms) = preSolution
		Debug|x64 = Debug|x64
		Debug|x86 = Debug|x86
		Release|x64 = Release|x64
		Release|x86 = Release|x86
	EndGlobalSection
	GlobalSection(ProjectConfigurationPlatforms) = postSolution
		{69D59E7D-75AD-49D2-9CEC-E5B9E12135FE}.Debug|x64.ActiveCfg = Debug|x64
		{69D59E7D-75AD-49D2-9CEC-E5B9E12135FE}.Debug|x64.Build.0 = Debug|x64
		{69D59E7D-75AD-49D2-9CEC-E5B9E12135FE}.Debug|x86.ActiveCfg = Debug|Win32
		{69D59E7D-75AD-49D2-9CEC-E5B9E12135FE}.Debug|x86.Build.0 = Debug|Win32
		{69D59E7D-75AD-49D2-9CEC-E5B9E12135FE}.Release|x64.ActiveCfg = Release|x64
		{69D59E7D-75AD-49D2-9CEC-E5B9E12135FE}.Release|x64.Build.0 = Release|x64
		{69D59E7D-75AD-49D2-9CEC-E5B9E12135FE}.Release|x86.ActiveCfg = Release|Win32
		{69D59E7D-75AD-49D2-9CEC-E5B9E12135FE}.Release|x86.Build.0 = Release|Win32
		{1E695A7F-E9A8-4EE3-B9F1-F7272C1FCE36}.Debug|x64.ActiveCfg = Debug|x64
		{1E695A7F-E9A8-4EE3-B9F1-F7272C1FCE36}.Debug|x64.Build.0 = Debug|x64
		{1E695A7F-E9A8-4EE3-B9F1-F7272C1FCE36}.Debug|x86.ActiveCfg = Debug|Win32
		{1E695A7F-E9A8-4EE3-B9F1-F7272C1FCE36}.Debug|x86.Build.0 = Debug|Win32
		{1E695A7F-E9A8-4EE3-B9F1-F7272C1FCE36}.Release|x64.ActiveCfg = Release|x64
		{1E695A7F-E9A8-4EE3-B9F1-F7272C1FCE36}.Release|x64.Build.0 = Release|x64
		{1E695A7F-E9A8-4EE3-B9F1-F7272C1FCE36}.Release|x86.ActiveCfg = Release|Win32
		{1E695A7F-E9A8-4EE3-B9F1-F7272C1FCE36}.Release|x86.Build.0 = Release|Win32
		{54E46AE4-DEEE-4F9E-805F-BA06910E4850}.Debug|x64.ActiveCfg = Debug|x64
		{54E46AE4-DEEE-4F9E-805F-BA06910E4850}.Debug|x64.Build.0 = Debug|x64
		{54E46AE4-DEEE-4F9E-805F-BA06910E4850}.Debug|x86.ActiveCfg = Debug|Win32
		{54E46AE4-DEEE-4F9E-805F-BA06910E4850}.Debug|x86.Build.0 = Debug|Win32
		{54E46AE4-DEEE-4F9E-805F-BA06910E4850}.Release|x64.ActiveCfg = Release|x64
		{54E46AE4-DEEE-4F9E-805F-BA06910E4850}.Release|x64.Build.0 = Release|x64
		{54E46AE4-DEEE-4F9E-805F-BA06910E4850}.Release|x86.ActiveCfg = Release|Win32
		{54E46AE4-DEEE-4F9E-805F-BA06910E4850}.Release|x86.Build.0 = Release|Win32
		{65D5B43A-0F7B-4A35-AD45-8BACBA30846A}.Debug|x64.ActiveCfg = Debug|x64
		{65D5B43A-0F7B-4A35-AD45-8BACBA30846A}.Debug|x64.Build.0 = Debug|x64
		{65D5B43A-0F7B-4A35-AD45-8BACBA30846A}.Debug|x86.ActiveCfg = Debug|Win32
		{65D5B43A-0F7B-4A35-AD45-8BACBA30846A}.Debug|x86.Build.0 = Debug|Win32
		{65D5B43A-0F7B-4A35-AD45-8BACBA30846A}.Release|x64.ActiveCfg = Release|x64
		{65D5B43A-0F7B-4A35-AD45-8BACBA30846A}.Release|x64.Build.0 = Release|x64
		{65D5B43A-0F7B-4A35-AD45-8BACBA30846A}.Release|x86.ActiveCfg = Release|Win32
		{65D5B43A-0F7B-4A35-AD45-8BACBA30846A}.Release|x86.Build.0 = Release|Win32
		{28EBFA3B-1A0A-4F38-B6E5-0DA6BB1ABAA0}.Debug|x64.ActiveCfg = Debug|x64
		{28EBFA3B-1A0A-4F38-B6E5-0DA6BB1ABAA0}.Debug|x64.Build.0 = Debug|x64
		{28EBFA3B-1A0A-4F38-B6E5-0DA6BB1ABAA0}.Debug|x86.ActiveCfg = Debug|Win32
		{28EBFA3B-1A0A-4F38-B6E5-0DA6BB1ABAA0}.Debug|x86.Build.0 = Debug|Win32
		{28EBFA3B-1A0A-4F38-B6E5-0DA6BB1ABAA0}.Release|x64.ActiveCfg = Release|x64
		{28EBFA3B-1A0A-4F38-B6E5-0DA6BB1ABAA0}.Release|x64.Build.0 = Release|x64
		{28EBFA3B-1A0A-4F38-B6E5-0DA6BB1ABAA0}.Release|x86.ActiveCfg = Release|Win32
		{28EBFA3B-1A0A-4F38-B6E5-0DA6BB1ABAA0}.Release|x86.Build.0 = Release|Win32
		{AC3FFB2D-64D1-4242-8788-F2254799409C}.Debug|x64.ActiveCfg = Debug|x64
		{AC3FFB2D-64D1-4242-8788-F2254799409C}.Debug|x64.Build.0 = Debug|x64
		{AC3FFB2D-64D1-4242-8788-F2254799409C}.Debug|x86.ActiveCfg = Debug|Win32
		{AC3FFB2D-64D1-4242-8788-F2254799409C}.Debug|x86.Build.0 = Debug|Win32
		{AC3FFB2D-64D1-4242-8788-F2254799409C}.Release|x64.ActiveCfg = Release|x64
		{AC3FFB2D-64D1-4242-8788-F2254799409C}.Release|x64.Build.0 = Release|x64
		{AC3FFB2D-64D1-4242-8788-F2254799409C}.Release|x86.ActiveCfg = Release|Win32
		{AC3FFB2D-64D1-4242-8788-F2254799409C}.Release|x86.Build.0 = Release|Win32
		{6180EDC4-5B7D-40AE-A5F4-0A8955B57420}.Debug|x64.ActiveCfg = Debug|x64
		{6180EDC4-5B7D-40AE-A5F4-0A8955B57420}.Debug|x64.Build.0 = Debug|x64
		{6180EDC4-5B7D-40AE-A5F4-0A8955B57420}.Debug|x86.ActiveCfg = Debug|Win32
		{6180EDC4-5B7D-40AE-A5F4-0A8955B57420}.Debug|x86.Build.0 = Debug|Win32
		{6180EDC4-5B7D-40AE-A5F4-0A8955B57420}.Release|x64.ActiveCfg = Release|x64
		{6180EDC4-5B7D-40AE-A5F4-0A8955B57420}.Release|x64.Build.0 = Release|x64
		{6180EDC4-5B7D-40AE-A5F4-0A8955B57420}.Release|x86.ActiveCfg = Release|Win32
		{6180EDC4-5B7D-40AE-A5F4-0A8955B57420}.Release|x86.Build.0 = Release|Win32
		{15C523CE-8677-4C56-AC76-A256183E7C07}.Debug|x64.ActiveCfg = Debug|x64
		{15C523CE-8677-4C56-AC76-A256183E7C07}.Debug|x64.Build.0 = Debug|x64
		{15C523CE-8677-4C56-AC76-A256183E7C07}.Debug|x86.ActiveCfg = Debug|Win32
		{15C523CE-8677-4C56-AC76-A256183E7C07}.Debug|x86.Build.0 = Debug|Win32
		{15C523CE-8677-4C56-AC76-A256183E7C07}.Release|x64.ActiveCfg = Release|x64
		{15C523CE-8677-4C56-AC76-A256183E7C07}.Release|x64.Build.0 = Release|x64
		{15C523CE-8677-4C56-AC76-A256183E7C07}.Release|x86.ActiveCfg = Release|Win32
		{15C523CE-8677-4C56-AC76-A256183E7C07}.Release|x86.Build.0 = Release|Win32
		{60187A5F-0576-40B5-8777-8F21656B63E9}.Debug|x64.ActiveCfg = Debug|x64
		{60187A5F-0576-40B5-8777-8F21656B63E9}.Debug|x64.Build.0 = Debug|x64
		{60187A5F-0576-40B5-8777-8F21656B63E9}.Debug|x86.ActiveCfg = Debug|Win32
		{60187A5F-0576-40B5-8777-8F21656B63E9}.Debug|x86.Build.0 = Debug|Win32
		{60187A5F-0576-40B5-8777-8F21656B63E9}.Release|x64.ActiveCfg = Release|x64
		{60187A5F-0576-40B5-8777-8F21656B63E9}.Release|x64.Build.0 = Release|x64
		{60187A5F-0576-40B5-8777-8F21656B63E9}.Release|x86.ActiveCfg = Release|Win32
		{60187A5F-0576-40B5-8777-8F21656B63E9}.Release|x86.Build.0 = Release|Win32
	EndGlobalSection
	GlobalSection(SolutionProperties) = preSolution
		HideSolutionNode = FALSE
	EndGlobalSection
	GlobalSection(ExtensibilityGlobals) = postSolution
		SolutionGuid = {60CD734D-7ADB-4356-B1A1-BA2934D5EBBE}
	EndGlobalSection
EndGlobal
